Microsoft Visual Studio Solution File, Format Version 11.00
# Visual Studio 2008

Project("{C1703C22-810A-865F-D13D-032C2583B2CA}") = "UX Tasks", "Assembly-CSharp.csproj", "{F23BC283-8793-6B8B-55E0-31751CED2067}"
EndProject
Global
	GlobalSection(SolutionConfigurationPlatforms) = preSolution
		Debug|Any CPU = Debug|Any CPU
		Release|Any CPU = Release|Any CPU
	EndGlobalSection
	GlobalSection(ProjectConfigurationPlatforms) = postSolution
		{F23BC283-8793-6B8B-55E0-31751CED2067}.Debug|Any CPU.ActiveCfg = Debug|Any CPU
		{F23BC283-8793-6B8B-55E0-31751CED2067}.Debug|Any CPU.Build.0 = Debug|Any CPU
		{F23BC283-8793-6B8B-55E0-31751CED2067}.Release|Any CPU.ActiveCfg = Release|Any CPU
		{F23BC283-8793-6B8B-55E0-31751CED2067}.Release|Any CPU.Build.0 = Release|Any CPU
	EndGlobalSection
	GlobalSection(SolutionProperties) = preSolution
		HideSolutionNode = FALSE
	EndGlobalSection
	GlobalSection(MonoDevelopProperties) = preSolution
		StartupItem = Assembly-CSharp.csproj
	EndGlobalSection
EndGlobal
